{
  "version": 4,
  "terraform_version": "1.3.7",
  "serial": 1,
  "lineage": "ecbbf4bd-d57b-ac3d-2ac1-dce9b1edde5c",
  "outputs": {},
  "resources": [
    {
      "mode": "managed",
      "type": "spotify_playlist",
      "name": "punjabi",
      "provider": "provider[\"registry.terraform.io/conradludgate/spotify\"]",
      "instances": [
        {
          "schema_version": 0,
          "attributes": {
            "description": null,
            "id": "5TakTJXfIrX5QDNPqVt7NB",
            "name": "Punjabi Songs",
            "public": true,
            "snapshot_id": "AAAAAhXwxUiJOAjnAeJxHWM7N+z91zaU",
            "tracks": [
              "0YQJoDL6f46J0n1rOVkpxJ",
              "131yybV7A3TmC34a0qE8u8"
            ]
          },
          "sensitive_attributes": [],
          "private": "bnVsbA=="
        }
      ]
    }
  ],
  "check_results": null
}
